
Microsoft Visual Studio Solution File, Format Version 12.00
# Visual Studio Version 17
VisualStudioVersion = 17.4.33205.214
MinimumVisualStudioVersion = 10.0.40219.1
Project("{FAE04EC0-301F-11D3-BF4B-00C04F79EFBC}") = "ConexionGestionPedidos", "ConexionGestionPedidos\ConexionGestionPedidos.csproj", "{6FFE2827-F6AF-45FB-BED8-1F917CDB20A6}"
EndProject
Global
	GlobalSection(SolutionConfigurationPlatforms) = preSolution
		Debug|Any CPU = Debug|Any CPU
		Release|Any CPU = Release|Any CPU
	EndGlobalSection
	GlobalSection(ProjectConfigurationPlatforms) = postSolution
		{6FFE2827-F6AF-45FB-BED8-1F917CDB20A6}.Debug|Any CPU.ActiveCfg = Debug|Any CPU
		{6FFE2827-F6AF-45FB-BED8-1F917CDB20A6}.Debug|Any CPU.Build.0 = Debug|Any CPU
		{6FFE2827-F6AF-45FB-BED8-1F917CDB20A6}.Release|Any CPU.ActiveCfg = Release|Any CPU
		{6FFE2827-F6AF-45FB-BED8-1F917CDB20A6}.Release|Any CPU.Build.0 = Release|Any CPU
	EndGlobalSection
	GlobalSection(SolutionProperties) = preSolution
		HideSolutionNode = FALSE
	EndGlobalSection
	GlobalSection(ExtensibilityGlobals) = postSolution
		SolutionGuid = {80F426BA-DE93-4D05-8A5C-0B1168C308A4}
	EndGlobalSection
EndGlobal
